
Microsoft Visual Studio Solution File, Format Version 12.00
# Visual Studio 16
Project("{2150E333-8FDC-42A3-9474-1A3956D46DE8}") = "Projects", "Projects", "{B63FEAB7-A20D-DEBD-8BA1-4EE4770EBA22}"
EndProject
Project("{8BC9CEB8-8B4A-11D0-8D11-00A0C91BC942}") = "W3tut", "projects\W3tut\W3tut.vcxproj", "{4C48430E-B85C-6BBF-81DE-0E1FEDB167F0}"
EndProject
Project("{8BC9CEB8-8B4A-11D0-8D11-00A0C91BC942}") = "A1", "projects\A1\A1.vcxproj", "{D7725900-C3FE-870B-2CAD-880B1858880B}"
EndProject
Project("{8BC9CEB8-8B4A-11D0-8D11-00A0C91BC942}") = "AnimationDemo_Jin_Chan_100593238", "projects\AnimationDemo_Jin_Chan_100593238\AnimationDemo_Jin_Chan_100593238.vcxproj", "{F136CA92-DD87-B5D4-06EC-A396F29B483E}"
EndProject
Project("{8BC9CEB8-8B4A-11D0-8D11-00A0C91BC942}") = "H-O5", "projects\H-O5\H-O5.vcxproj", "{9E54857C-8A8B-860D-3378-6C101F8E020F}"
EndProject
Project("{8BC9CEB8-8B4A-11D0-8D11-00A0C91BC942}") = "Hand-On5", "projects\Hand-On5\Hand-On5.vcxproj", "{7F41CB20-6B0E-262C-9427-14D480535BBA}"
EndProject
Project("{8BC9CEB8-8B4A-11D0-8D11-00A0C91BC942}") = "Hand_on7", "projects\Hand_on7\Hand_on7.vcxproj", "{9334E720-7F01-422C-A81A-30D4944677BA}"
EndProject
Project("{8BC9CEB8-8B4A-11D0-8D11-00A0C91BC942}") = "W3", "projects\W3\W3.vcxproj", "{AF755900-9B01-880B-04B0-880BF05A880B}"
EndProject
Project("{8BC9CEB8-8B4A-11D0-8D11-00A0C91BC942}") = "tic-tac-toe", "projects\tic-tac-toe\tic-tac-toe.vcxproj", "{5F9E3560-CB53-AE55-5448-A82CC0FCA459}"
EndProject
Project("{8BC9CEB8-8B4A-11D0-8D11-00A0C91BC942}") = "tut1", "projects\tut1\tut1.vcxproj", "{53AC9E7C-3FE3-9F0D-E8CF-8510D4E51B0F}"
EndProject
Project("{2150E333-8FDC-42A3-9474-1A3956D46DE8}") = "Dependencies", "Dependencies", "{53E47842-3FC8-3998-A828-34EB942B241A}"
EndProject
Project("{8BC9CEB8-8B4A-11D0-8D11-00A0C91BC942}") = "GLFW", "dependencies\glfw3\GLFW.vcxproj", "{154B857C-0182-860D-AA6E-6C109684020F}"
EndProject
Project("{8BC9CEB8-8B4A-11D0-8D11-00A0C91BC942}") = "Glad", "dependencies\glad\Glad.vcxproj", "{BDD6857C-A90D-870D-52FA-6C103E10030F}"
EndProject
Project("{8BC9CEB8-8B4A-11D0-8D11-00A0C91BC942}") = "ImGui", "dependencies\imgui\ImGui.vcxproj", "{C0FF640D-2C14-8DBE-F595-301E616989EF}"
EndProject
Project("{8BC9CEB8-8B4A-11D0-8D11-00A0C91BC942}") = "Stbs", "dependencies\stbs\Stbs.vcxproj", "{818D8C7C-6DC4-8D0D-16B1-731002C7090F}"
EndProject
Project("{8BC9CEB8-8B4A-11D0-8D11-00A0C91BC942}") = "TinyGLTF", "dependencies\tinyGLTF\TinyGLTF.vcxproj", "{76563D9D-6223-98A8-8B3C-86507768CD36}"
EndProject
Project("{8BC9CEB8-8B4A-11D0-8D11-00A0C91BC942}") = "spdlog", "dependencies\spdlog\spdlog.vcxproj", "{8EAD431C-7A4F-6EF2-630A-82464F4BF542}"
EndProject
Project("{2150E333-8FDC-42A3-9474-1A3956D46DE8}") = "Modules", "Modules", "{65CB7E83-D18B-FAB9-9AC6-433706463F96}"
EndProject
Project("{8BC9CEB8-8B4A-11D0-8D11-00A0C91BC942}") = "FMODStudio", "modules\FMODStudio\FMODStudio.vcxproj", "{A386D97E-8F3E-1BCC-F845-F427E41CB6BC}"
EndProject
Project("{8BC9CEB8-8B4A-11D0-8D11-00A0C91BC942}") = "NOU", "modules\NOU\NOU.vcxproj", "{3709880B-A312-887C-2C8E-9E7C9896937C}"
EndProject
Project("{8BC9CEB8-8B4A-11D0-8D11-00A0C91BC942}") = "sampleModule", "modules\sampleModule\sampleModule.vcxproj", "{8D153653-7978-C5F7-22FE-FDAD0E40917A}"
EndProject
Project("{8BC9CEB8-8B4A-11D0-8D11-00A0C91BC942}") = "toolkit", "modules\toolkit\toolkit.vcxproj", "{AB7025F0-1750-A48B-2068-2F628CC60AED}"
EndProject
Project("{2150E333-8FDC-42A3-9474-1A3956D46DE8}") = "Samples - INFR-1350U", "Samples - INFR-1350U", "{0822A731-F431-5302-5DEB-B720491A429B}"
EndProject
Project("{8BC9CEB8-8B4A-11D0-8D11-00A0C91BC942}") = "Week3-Starter", "samples\INFR-1350U\Week3-Starter\Week3-Starter.vcxproj", "{F6637ACB-6224-F601-2B5F-3F7F97DE3ADE}"
EndProject
Project("{2150E333-8FDC-42A3-9474-1A3956D46DE8}") = "Samples - INFR-2310", "Samples - INFR-2310", "{30C3A07D-9C85-D407-E535-63945137ADE5}"
EndProject
Project("{8BC9CEB8-8B4A-11D0-8D11-00A0C91BC942}") = "(Starter) W2 Tutorial - LERP", "samples\INFR-2310\(Starter) W2 Tutorial - LERP\(Starter) W2 Tutorial - LERP.vcxproj", "{D878589E-C433-484A-6DEB-C094598592DA}"
EndProject
Project("{8BC9CEB8-8B4A-11D0-8D11-00A0C91BC942}") = "(Starter) W3 Tutorial - Basic Systems", "samples\INFR-2310\(Starter) W3 Tutorial - Basic Systems\(Starter) W3 Tutorial - Basic Systems.vcxproj", "{60906E50-CC54-6D40-95BA-9D0A013E0976}"
EndProject
Project("{8BC9CEB8-8B4A-11D0-8D11-00A0C91BC942}") = "(Starter) W4 Tutorial - Paths", "samples\INFR-2310\(Starter) W4 Tutorial - Paths\(Starter) W4 Tutorial - Paths.vcxproj", "{E728EC45-5341-D36F-1CEE-620988C56709}"
EndProject
Project("{8BC9CEB8-8B4A-11D0-8D11-00A0C91BC942}") = "NOU-Sample", "samples\INFR-2310\NOU-Sample\NOU-Sample.vcxproj", "{6678DA25-5230-1C73-BB37-F5CEA70EB763}"
EndProject
Project("{8BC9CEB8-8B4A-11D0-8D11-00A0C91BC942}") = "W2 Tutorial-LERP", "samples\INFR-2310\W2 Tutorial-LERP\W2 Tutorial-LERP.vcxproj", "{62D457B9-4ECD-760B-77FF-5B9063575617}"
EndProject
Project("{8BC9CEB8-8B4A-11D0-8D11-00A0C91BC942}") = "W3 Tutorial-Basic Systems", "samples\INFR-2310\W3 Tutorial-Basic Systems\W3 Tutorial-Basic Systems.vcxproj", "{EA4A5DC9-560D-9153-9FBD-1FE00BBF6931}"
EndProject
Project("{8BC9CEB8-8B4A-11D0-8D11-00A0C91BC942}") = "W4 Tutorial-Paths and Curves", "samples\INFR-2310\W4 Tutorial-Paths and Curves\W4 Tutorial-Paths and Curves.vcxproj", "{5C0C50D9-48C7-3F85-F17E-B8CFDD188A15}"
EndProject
Global
	GlobalSection(SolutionConfigurationPlatforms) = preSolution
		Debug|x64 = Debug|x64
		Release|x64 = Release|x64
	EndGlobalSection
	GlobalSection(ProjectConfigurationPlatforms) = postSolution
		{4C48430E-B85C-6BBF-81DE-0E1FEDB167F0}.Debug|x64.ActiveCfg = Debug|x64
		{4C48430E-B85C-6BBF-81DE-0E1FEDB167F0}.Debug|x64.Build.0 = Debug|x64
		{4C48430E-B85C-6BBF-81DE-0E1FEDB167F0}.Release|x64.ActiveCfg = Release|x64
		{4C48430E-B85C-6BBF-81DE-0E1FEDB167F0}.Release|x64.Build.0 = Release|x64
		{D7725900-C3FE-870B-2CAD-880B1858880B}.Debug|x64.ActiveCfg = Debug|x64
		{D7725900-C3FE-870B-2CAD-880B1858880B}.Debug|x64.Build.0 = Debug|x64
		{D7725900-C3FE-870B-2CAD-880B1858880B}.Release|x64.ActiveCfg = Release|x64
		{D7725900-C3FE-870B-2CAD-880B1858880B}.Release|x64.Build.0 = Release|x64
		{F136CA92-DD87-B5D4-06EC-A396F29B483E}.Debug|x64.ActiveCfg = Debug|x64
		{F136CA92-DD87-B5D4-06EC-A396F29B483E}.Debug|x64.Build.0 = Debug|x64
		{F136CA92-DD87-B5D4-06EC-A396F29B483E}.Release|x64.ActiveCfg = Release|x64
		{F136CA92-DD87-B5D4-06EC-A396F29B483E}.Release|x64.Build.0 = Release|x64
		{9E54857C-8A8B-860D-3378-6C101F8E020F}.Debug|x64.ActiveCfg = Debug|x64
		{9E54857C-8A8B-860D-3378-6C101F8E020F}.Debug|x64.Build.0 = Debug|x64
		{9E54857C-8A8B-860D-3378-6C101F8E020F}.Release|x64.ActiveCfg = Release|x64
		{9E54857C-8A8B-860D-3378-6C101F8E020F}.Release|x64.Build.0 = Release|x64
		{7F41CB20-6B0E-262C-9427-14D480535BBA}.Debug|x64.ActiveCfg = Debug|x64
		{7F41CB20-6B0E-262C-9427-14D480535BBA}.Debug|x64.Build.0 = Debug|x64
		{7F41CB20-6B0E-262C-9427-14D480535BBA}.Release|x64.ActiveCfg = Release|x64
		{7F41CB20-6B0E-262C-9427-14D480535BBA}.Release|x64.Build.0 = Release|x64
		{9334E720-7F01-422C-A81A-30D4944677BA}.Debug|x64.ActiveCfg = Debug|x64
		{9334E720-7F01-422C-A81A-30D4944677BA}.Debug|x64.Build.0 = Debug|x64
		{9334E720-7F01-422C-A81A-30D4944677BA}.Release|x64.ActiveCfg = Release|x64
		{9334E720-7F01-422C-A81A-30D4944677BA}.Release|x64.Build.0 = Release|x64
		{AF755900-9B01-880B-04B0-880BF05A880B}.Debug|x64.ActiveCfg = Debug|x64
		{AF755900-9B01-880B-04B0-880BF05A880B}.Debug|x64.Build.0 = Debug|x64
		{AF755900-9B01-880B-04B0-880BF05A880B}.Release|x64.ActiveCfg = Release|x64
		{AF755900-9B01-880B-04B0-880BF05A880B}.Release|x64.Build.0 = Release|x64
		{5F9E3560-CB53-AE55-5448-A82CC0FCA459}.Debug|x64.ActiveCfg = Debug|x64
		{5F9E3560-CB53-AE55-5448-A82CC0FCA459}.Debug|x64.Build.0 = Debug|x64
		{5F9E3560-CB53-AE55-5448-A82CC0FCA459}.Release|x64.ActiveCfg = Release|x64
		{5F9E3560-CB53-AE55-5448-A82CC0FCA459}.Release|x64.Build.0 = Release|x64
		{53AC9E7C-3FE3-9F0D-E8CF-8510D4E51B0F}.Debug|x64.ActiveCfg = Debug|x64
		{53AC9E7C-3FE3-9F0D-E8CF-8510D4E51B0F}.Debug|x64.Build.0 = Debug|x64
		{53AC9E7C-3FE3-9F0D-E8CF-8510D4E51B0F}.Release|x64.ActiveCfg = Release|x64
		{53AC9E7C-3FE3-9F0D-E8CF-8510D4E51B0F}.Release|x64.Build.0 = Release|x64
		{154B857C-0182-860D-AA6E-6C109684020F}.Debug|x64.ActiveCfg = Debug|x64
		{154B857C-0182-860D-AA6E-6C109684020F}.Debug|x64.Build.0 = Debug|x64
		{154B857C-0182-860D-AA6E-6C109684020F}.Release|x64.ActiveCfg = Release|x64
		{154B857C-0182-860D-AA6E-6C109684020F}.Release|x64.Build.0 = Release|x64
		{BDD6857C-A90D-870D-52FA-6C103E10030F}.Debug|x64.ActiveCfg = Debug|x64
		{BDD6857C-A90D-870D-52FA-6C103E10030F}.Debug|x64.Build.0 = Debug|x64
		{BDD6857C-A90D-870D-52FA-6C103E10030F}.Release|x64.ActiveCfg = Release|x64
		{BDD6857C-A90D-870D-52FA-6C103E10030F}.Release|x64.Build.0 = Release|x64
		{C0FF640D-2C14-8DBE-F595-301E616989EF}.Debug|x64.ActiveCfg = Debug|x64
		{C0FF640D-2C14-8DBE-F595-301E616989EF}.Debug|x64.Build.0 = Debug|x64
		{C0FF640D-2C14-8DBE-F595-301E616989EF}.Release|x64.ActiveCfg = Release|x64
		{C0FF640D-2C14-8DBE-F595-301E616989EF}.Release|x64.Build.0 = Release|x64
		{818D8C7C-6DC4-8D0D-16B1-731002C7090F}.Debug|x64.ActiveCfg = Debug|x64
		{818D8C7C-6DC4-8D0D-16B1-731002C7090F}.Debug|x64.Build.0 = Debug|x64
		{818D8C7C-6DC4-8D0D-16B1-731002C7090F}.Release|x64.ActiveCfg = Release|x64
		{818D8C7C-6DC4-8D0D-16B1-731002C7090F}.Release|x64.Build.0 = Release|x64
		{76563D9D-6223-98A8-8B3C-86507768CD36}.Debug|x64.ActiveCfg = Debug|x64
		{76563D9D-6223-98A8-8B3C-86507768CD36}.Debug|x64.Build.0 = Debug|x64
		{76563D9D-6223-98A8-8B3C-86507768CD36}.Release|x64.ActiveCfg = Release|x64
		{76563D9D-6223-98A8-8B3C-86507768CD36}.Release|x64.Build.0 = Release|x64
		{8EAD431C-7A4F-6EF2-630A-82464F4BF542}.Debug|x64.ActiveCfg = Debug|x64
		{8EAD431C-7A4F-6EF2-630A-82464F4BF542}.Debug|x64.Build.0 = Debug|x64
		{8EAD431C-7A4F-6EF2-630A-82464F4BF542}.Release|x64.ActiveCfg = Release|x64
		{8EAD431C-7A4F-6EF2-630A-82464F4BF542}.Release|x64.Build.0 = Release|x64
		{A386D97E-8F3E-1BCC-F845-F427E41CB6BC}.Debug|x64.ActiveCfg = Debug|x64
		{A386D97E-8F3E-1BCC-F845-F427E41CB6BC}.Debug|x64.Build.0 = Debug|x64
		{A386D97E-8F3E-1BCC-F845-F427E41CB6BC}.Release|x64.ActiveCfg = Release|x64
		{A386D97E-8F3E-1BCC-F845-F427E41CB6BC}.Release|x64.Build.0 = Release|x64
		{3709880B-A312-887C-2C8E-9E7C9896937C}.Debug|x64.ActiveCfg = Debug|x64
		{3709880B-A312-887C-2C8E-9E7C9896937C}.Debug|x64.Build.0 = Debug|x64
		{3709880B-A312-887C-2C8E-9E7C9896937C}.Release|x64.ActiveCfg = Release|x64
		{3709880B-A312-887C-2C8E-9E7C9896937C}.Release|x64.Build.0 = Release|x64
		{8D153653-7978-C5F7-22FE-FDAD0E40917A}.Debug|x64.ActiveCfg = Debug|x64
		{8D153653-7978-C5F7-22FE-FDAD0E40917A}.Debug|x64.Build.0 = Debug|x64
		{8D153653-7978-C5F7-22FE-FDAD0E40917A}.Release|x64.ActiveCfg = Release|x64
		{8D153653-7978-C5F7-22FE-FDAD0E40917A}.Release|x64.Build.0 = Release|x64
		{AB7025F0-1750-A48B-2068-2F628CC60AED}.Debug|x64.ActiveCfg = Debug|x64
		{AB7025F0-1750-A48B-2068-2F628CC60AED}.Debug|x64.Build.0 = Debug|x64
		{AB7025F0-1750-A48B-2068-2F628CC60AED}.Release|x64.ActiveCfg = Release|x64
		{AB7025F0-1750-A48B-2068-2F628CC60AED}.Release|x64.Build.0 = Release|x64
		{F6637ACB-6224-F601-2B5F-3F7F97DE3ADE}.Debug|x64.ActiveCfg = Debug|x64
		{F6637ACB-6224-F601-2B5F-3F7F97DE3ADE}.Debug|x64.Build.0 = Debug|x64
		{F6637ACB-6224-F601-2B5F-3F7F97DE3ADE}.Release|x64.ActiveCfg = Release|x64
		{F6637ACB-6224-F601-2B5F-3F7F97DE3ADE}.Release|x64.Build.0 = Release|x64
		{D878589E-C433-484A-6DEB-C094598592DA}.Debug|x64.ActiveCfg = Debug|x64
		{D878589E-C433-484A-6DEB-C094598592DA}.Debug|x64.Build.0 = Debug|x64
		{D878589E-C433-484A-6DEB-C094598592DA}.Release|x64.ActiveCfg = Release|x64
		{D878589E-C433-484A-6DEB-C094598592DA}.Release|x64.Build.0 = Release|x64
		{60906E50-CC54-6D40-95BA-9D0A013E0976}.Debug|x64.ActiveCfg = Debug|x64
		{60906E50-CC54-6D40-95BA-9D0A013E0976}.Debug|x64.Build.0 = Debug|x64
		{60906E50-CC54-6D40-95BA-9D0A013E0976}.Release|x64.ActiveCfg = Release|x64
		{60906E50-CC54-6D40-95BA-9D0A013E0976}.Release|x64.Build.0 = Release|x64
		{E728EC45-5341-D36F-1CEE-620988C56709}.Debug|x64.ActiveCfg = Debug|x64
		{E728EC45-5341-D36F-1CEE-620988C56709}.Debug|x64.Build.0 = Debug|x64
		{E728EC45-5341-D36F-1CEE-620988C56709}.Release|x64.ActiveCfg = Release|x64
		{E728EC45-5341-D36F-1CEE-620988C56709}.Release|x64.Build.0 = Release|x64
		{6678DA25-5230-1C73-BB37-F5CEA70EB763}.Debug|x64.ActiveCfg = Debug|x64
		{6678DA25-5230-1C73-BB37-F5CEA70EB763}.Debug|x64.Build.0 = Debug|x64
		{6678DA25-5230-1C73-BB37-F5CEA70EB763}.Release|x64.ActiveCfg = Release|x64
		{6678DA25-5230-1C73-BB37-F5CEA70EB763}.Release|x64.Build.0 = Release|x64
		{62D457B9-4ECD-760B-77FF-5B9063575617}.Debug|x64.ActiveCfg = Debug|x64
		{62D457B9-4ECD-760B-77FF-5B9063575617}.Debug|x64.Build.0 = Debug|x64
		{62D457B9-4ECD-760B-77FF-5B9063575617}.Release|x64.ActiveCfg = Release|x64
		{62D457B9-4ECD-760B-77FF-5B9063575617}.Release|x64.Build.0 = Release|x64
		{EA4A5DC9-560D-9153-9FBD-1FE00BBF6931}.Debug|x64.ActiveCfg = Debug|x64
		{EA4A5DC9-560D-9153-9FBD-1FE00BBF6931}.Debug|x64.Build.0 = Debug|x64
		{EA4A5DC9-560D-9153-9FBD-1FE00BBF6931}.Release|x64.ActiveCfg = Release|x64
		{EA4A5DC9-560D-9153-9FBD-1FE00BBF6931}.Release|x64.Build.0 = Release|x64
		{5C0C50D9-48C7-3F85-F17E-B8CFDD188A15}.Debug|x64.ActiveCfg = Debug|x64
		{5C0C50D9-48C7-3F85-F17E-B8CFDD188A15}.Debug|x64.Build.0 = Debug|x64
		{5C0C50D9-48C7-3F85-F17E-B8CFDD188A15}.Release|x64.ActiveCfg = Release|x64
		{5C0C50D9-48C7-3F85-F17E-B8CFDD188A15}.Release|x64.Build.0 = Release|x64
	EndGlobalSection
	GlobalSection(SolutionProperties) = preSolution
		HideSolutionNode = FALSE
	EndGlobalSection
	GlobalSection(NestedProjects) = preSolution
		{4C48430E-B85C-6BBF-81DE-0E1FEDB167F0} = {B63FEAB7-A20D-DEBD-8BA1-4EE4770EBA22}
		{D7725900-C3FE-870B-2CAD-880B1858880B} = {B63FEAB7-A20D-DEBD-8BA1-4EE4770EBA22}
		{F136CA92-DD87-B5D4-06EC-A396F29B483E} = {B63FEAB7-A20D-DEBD-8BA1-4EE4770EBA22}
		{9E54857C-8A8B-860D-3378-6C101F8E020F} = {B63FEAB7-A20D-DEBD-8BA1-4EE4770EBA22}
		{7F41CB20-6B0E-262C-9427-14D480535BBA} = {B63FEAB7-A20D-DEBD-8BA1-4EE4770EBA22}
		{9334E720-7F01-422C-A81A-30D4944677BA} = {B63FEAB7-A20D-DEBD-8BA1-4EE4770EBA22}
		{AF755900-9B01-880B-04B0-880BF05A880B} = {B63FEAB7-A20D-DEBD-8BA1-4EE4770EBA22}
		{5F9E3560-CB53-AE55-5448-A82CC0FCA459} = {B63FEAB7-A20D-DEBD-8BA1-4EE4770EBA22}
		{53AC9E7C-3FE3-9F0D-E8CF-8510D4E51B0F} = {B63FEAB7-A20D-DEBD-8BA1-4EE4770EBA22}
		{154B857C-0182-860D-AA6E-6C109684020F} = {53E47842-3FC8-3998-A828-34EB942B241A}
		{BDD6857C-A90D-870D-52FA-6C103E10030F} = {53E47842-3FC8-3998-A828-34EB942B241A}
		{C0FF640D-2C14-8DBE-F595-301E616989EF} = {53E47842-3FC8-3998-A828-34EB942B241A}
		{818D8C7C-6DC4-8D0D-16B1-731002C7090F} = {53E47842-3FC8-3998-A828-34EB942B241A}
		{76563D9D-6223-98A8-8B3C-86507768CD36} = {53E47842-3FC8-3998-A828-34EB942B241A}
		{8EAD431C-7A4F-6EF2-630A-82464F4BF542} = {53E47842-3FC8-3998-A828-34EB942B241A}
		{A386D97E-8F3E-1BCC-F845-F427E41CB6BC} = {65CB7E83-D18B-FAB9-9AC6-433706463F96}
		{3709880B-A312-887C-2C8E-9E7C9896937C} = {65CB7E83-D18B-FAB9-9AC6-433706463F96}
		{8D153653-7978-C5F7-22FE-FDAD0E40917A} = {65CB7E83-D18B-FAB9-9AC6-433706463F96}
		{AB7025F0-1750-A48B-2068-2F628CC60AED} = {65CB7E83-D18B-FAB9-9AC6-433706463F96}
		{F6637ACB-6224-F601-2B5F-3F7F97DE3ADE} = {0822A731-F431-5302-5DEB-B720491A429B}
		{D878589E-C433-484A-6DEB-C094598592DA} = {30C3A07D-9C85-D407-E535-63945137ADE5}
		{60906E50-CC54-6D40-95BA-9D0A013E0976} = {30C3A07D-9C85-D407-E535-63945137ADE5}
		{E728EC45-5341-D36F-1CEE-620988C56709} = {30C3A07D-9C85-D407-E535-63945137ADE5}
		{6678DA25-5230-1C73-BB37-F5CEA70EB763} = {30C3A07D-9C85-D407-E535-63945137ADE5}
		{62D457B9-4ECD-760B-77FF-5B9063575617} = {30C3A07D-9C85-D407-E535-63945137ADE5}
		{EA4A5DC9-560D-9153-9FBD-1FE00BBF6931} = {30C3A07D-9C85-D407-E535-63945137ADE5}
		{5C0C50D9-48C7-3F85-F17E-B8CFDD188A15} = {30C3A07D-9C85-D407-E535-63945137ADE5}
	EndGlobalSection
EndGlobal
